
Microsoft Visual Studio Solution File, Format Version 12.00
# Visual Studio Version 17
VisualStudioVersion = 17.4.33122.133
MinimumVisualStudioVersion = 10.0.40219.1
Project("{FAE04EC0-301F-11D3-BF4B-00C04F79EFBC}") = "Clase 4 (Sobrecargas)", "Clase 4 (Sobrecargas)\Clase 4 (Sobrecargas).csproj", "{96E5EFDA-5FF1-45E8-893C-1D6FEA564439}"
EndProject
Project("{FAE04EC0-301F-11D3-BF4B-00C04F79EFBC}") = "ClasesNegocio", "ClasesNegocio\ClasesNegocio.csproj", "{81D72811-EA7D-4139-802C-57F74B45E376}"
EndProject
Global
	GlobalSection(SolutionConfigurationPlatforms) = preSolution
		Debug|Any CPU = Debug|Any CPU
		Release|Any CPU = Release|Any CPU
	EndGlobalSection
	GlobalSection(ProjectConfigurationPlatforms) = postSolution
		{96E5EFDA-5FF1-45E8-893C-1D6FEA564439}.Debug|Any CPU.ActiveCfg = Debug|Any CPU
		{96E5EFDA-5FF1-45E8-893C-1D6FEA564439}.Debug|Any CPU.Build.0 = Debug|Any CPU
		{96E5EFDA-5FF1-45E8-893C-1D6FEA564439}.Release|Any CPU.ActiveCfg = Release|Any CPU
		{96E5EFDA-5FF1-45E8-893C-1D6FEA564439}.Release|Any CPU.Build.0 = Release|Any CPU
		{81D72811-EA7D-4139-802C-57F74B45E376}.Debug|Any CPU.ActiveCfg = Debug|Any CPU
		{81D72811-EA7D-4139-802C-57F74B45E376}.Debug|Any CPU.Build.0 = Debug|Any CPU
		{81D72811-EA7D-4139-802C-57F74B45E376}.Release|Any CPU.ActiveCfg = Release|Any CPU
		{81D72811-EA7D-4139-802C-57F74B45E376}.Release|Any CPU.Build.0 = Release|Any CPU
	EndGlobalSection
	GlobalSection(SolutionProperties) = preSolution
		HideSolutionNode = FALSE
	EndGlobalSection
	GlobalSection(ExtensibilityGlobals) = postSolution
		SolutionGuid = {C32DC160-2343-48B2-AE4E-5575CEB7ED2E}
	EndGlobalSection
EndGlobal
